
Microsoft Visual Studio Solution File, Format Version 12.00
# Visual Studio Version 16
VisualStudioVersion = 16.0.29926.136
MinimumVisualStudioVersion = 10.0.40219.1
Project("{FAE04EC0-301F-11D3-BF4B-00C04F79EFBC}") = "za4et", "za4et\za4et.csproj", "{EA76E18B-3662-406D-8F31-C34B3FE4423C}"
EndProject
Global
	GlobalSection(SolutionConfigurationPlatforms) = preSolution
		Debug|Any CPU = Debug|Any CPU
		Release|Any CPU = Release|Any CPU
	EndGlobalSection
	GlobalSection(ProjectConfigurationPlatforms) = postSolution
		{EA76E18B-3662-406D-8F31-C34B3FE4423C}.Debug|Any CPU.ActiveCfg = Debug|Any CPU
		{EA76E18B-3662-406D-8F31-C34B3FE4423C}.Debug|Any CPU.Build.0 = Debug|Any CPU
		{EA76E18B-3662-406D-8F31-C34B3FE4423C}.Release|Any CPU.ActiveCfg = Release|Any CPU
		{EA76E18B-3662-406D-8F31-C34B3FE4423C}.Release|Any CPU.Build.0 = Release|Any CPU
	EndGlobalSection
	GlobalSection(SolutionProperties) = preSolution
		HideSolutionNode = FALSE
	EndGlobalSection
	GlobalSection(ExtensibilityGlobals) = postSolution
		SolutionGuid = {A7B04B2B-A987-472E-8938-F6AEAA4C3149}
	EndGlobalSection
EndGlobal
